
Microsoft Visual Studio Solution File, Format Version 12.00
# Visual Studio Version 16
VisualStudioVersion = 16.0.30406.217
MinimumVisualStudioVersion = 10.0.40219.1
Project("{FAE04EC0-301F-11D3-BF4B-00C04F79EFBC}") = "HotelAppWPF", "HotelAppWPF\HotelAppWPF.csproj", "{407AD9E0-084B-44EA-A8FC-5DEF8DECF7EC}"
EndProject
Global
	GlobalSection(SolutionConfigurationPlatforms) = preSolution
		Debug|Any CPU = Debug|Any CPU
		Release|Any CPU = Release|Any CPU
	EndGlobalSection
	GlobalSection(ProjectConfigurationPlatforms) = postSolution
		{407AD9E0-084B-44EA-A8FC-5DEF8DECF7EC}.Debug|Any CPU.ActiveCfg = Debug|Any CPU
		{407AD9E0-084B-44EA-A8FC-5DEF8DECF7EC}.Debug|Any CPU.Build.0 = Debug|Any CPU
		{407AD9E0-084B-44EA-A8FC-5DEF8DECF7EC}.Release|Any CPU.ActiveCfg = Release|Any CPU
		{407AD9E0-084B-44EA-A8FC-5DEF8DECF7EC}.Release|Any CPU.Build.0 = Release|Any CPU
	EndGlobalSection
	GlobalSection(SolutionProperties) = preSolution
		HideSolutionNode = FALSE
	EndGlobalSection
	GlobalSection(ExtensibilityGlobals) = postSolution
		SolutionGuid = {B788921A-64B6-429F-9DE1-F69964E59AF6}
	EndGlobalSection
EndGlobal
